
Microsoft Visual Studio Solution File, Format Version 12.00
# Visual Studio Version 17
VisualStudioVersion = 17.7.34024.191
MinimumVisualStudioVersion = 10.0.40219.1
Project("{FAE04EC0-301F-11D3-BF4B-00C04F79EFBC}") = "Gea.shared", "Gea.shared\Gea.shared.csproj", "{F1AF8B8A-0D38-431D-9B83-B19F59DD6403}"
EndProject
Project("{FAE04EC0-301F-11D3-BF4B-00C04F79EFBC}") = "Gea.API", "Gea.API\Gea.API.csproj", "{060CA6D4-BBAF-427C-B516-AEF5443CA4A1}"
EndProject
Project("{FAE04EC0-301F-11D3-BF4B-00C04F79EFBC}") = "Gea.WEB", "Gea.WEB\Gea.WEB.csproj", "{05594DBD-11FE-4207-9E71-9D11E3496ADA}"
EndProject
Global
	GlobalSection(SolutionConfigurationPlatforms) = preSolution
		Debug|Any CPU = Debug|Any CPU
		Release|Any CPU = Release|Any CPU
	EndGlobalSection
	GlobalSection(ProjectConfigurationPlatforms) = postSolution
		{F1AF8B8A-0D38-431D-9B83-B19F59DD6403}.Debug|Any CPU.ActiveCfg = Debug|Any CPU
		{F1AF8B8A-0D38-431D-9B83-B19F59DD6403}.Debug|Any CPU.Build.0 = Debug|Any CPU
		{F1AF8B8A-0D38-431D-9B83-B19F59DD6403}.Release|Any CPU.ActiveCfg = Release|Any CPU
		{F1AF8B8A-0D38-431D-9B83-B19F59DD6403}.Release|Any CPU.Build.0 = Release|Any CPU
		{060CA6D4-BBAF-427C-B516-AEF5443CA4A1}.Debug|Any CPU.ActiveCfg = Debug|Any CPU
		{060CA6D4-BBAF-427C-B516-AEF5443CA4A1}.Debug|Any CPU.Build.0 = Debug|Any CPU
		{060CA6D4-BBAF-427C-B516-AEF5443CA4A1}.Release|Any CPU.ActiveCfg = Release|Any CPU
		{060CA6D4-BBAF-427C-B516-AEF5443CA4A1}.Release|Any CPU.Build.0 = Release|Any CPU
		{05594DBD-11FE-4207-9E71-9D11E3496ADA}.Debug|Any CPU.ActiveCfg = Debug|Any CPU
		{05594DBD-11FE-4207-9E71-9D11E3496ADA}.Debug|Any CPU.Build.0 = Debug|Any CPU
		{05594DBD-11FE-4207-9E71-9D11E3496ADA}.Release|Any CPU.ActiveCfg = Release|Any CPU
		{05594DBD-11FE-4207-9E71-9D11E3496ADA}.Release|Any CPU.Build.0 = Release|Any CPU
	EndGlobalSection
	GlobalSection(SolutionProperties) = preSolution
		HideSolutionNode = FALSE
	EndGlobalSection
	GlobalSection(ExtensibilityGlobals) = postSolution
		SolutionGuid = {54EFADFC-0CBC-4F0A-83EB-92A38F6D07BC}
	EndGlobalSection
EndGlobal
